
Microsoft Visual Studio Solution File, Format Version 12.00
# Visual Studio 15
VisualStudioVersion = 15.0.28307.421
MinimumVisualStudioVersion = 10.0.40219.1
Project("{FAE04EC0-301F-11D3-BF4B-00C04F79EFBC}") = "CodeFirst", "CodeFirst\CodeFirst.csproj", "{E75BF09D-2A46-468E-B3C9-0713510CDE3F}"
EndProject
Global
	GlobalSection(SolutionConfigurationPlatforms) = preSolution
		Debug|Any CPU = Debug|Any CPU
		Release|Any CPU = Release|Any CPU
	EndGlobalSection
	GlobalSection(ProjectConfigurationPlatforms) = postSolution
		{E75BF09D-2A46-468E-B3C9-0713510CDE3F}.Debug|Any CPU.ActiveCfg = Debug|Any CPU
		{E75BF09D-2A46-468E-B3C9-0713510CDE3F}.Debug|Any CPU.Build.0 = Debug|Any CPU
		{E75BF09D-2A46-468E-B3C9-0713510CDE3F}.Release|Any CPU.ActiveCfg = Release|Any CPU
		{E75BF09D-2A46-468E-B3C9-0713510CDE3F}.Release|Any CPU.Build.0 = Release|Any CPU
	EndGlobalSection
	GlobalSection(SolutionProperties) = preSolution
		HideSolutionNode = FALSE
	EndGlobalSection
	GlobalSection(ExtensibilityGlobals) = postSolution
		SolutionGuid = {096DA23E-7685-45AD-9C67-FA35E5130898}
	EndGlobalSection
EndGlobal
